[root]
name = "k8055"
version = "0.0.1"
dependencies = [
 "usb 0.1.0 (git+https://github.com/kevinmehall/rust-usb#b618addb4c6b7b650ded5dff0a51d257917685fb)",
]

[[package]]
name = "usb"
version = "0.1.0"
source = "git+https://github.com/kevinmehall/rust-usb#b618addb4c6b7b650ded5dff0a51d257917685fb"

